// !$*UTF8*$!
{
	archiveVersion = 1;
	classes = {
	};
	objectVersion = 50;
	objects = {

/* Begin PBXBuildFile section */
		74FA5E01267AE02B00E6B748 /* AppDelegate.swift in Sources */ = {isa = PBXBuildFile; fileRef = 74FA5E00267AE02B00E6B748 /* AppDelegate.swift */; };
		74FA5E03267AE02B00E6B748 /* SceneDelegate.swift in Sources */ = {isa = PBXBuildFile; fileRef = 74FA5E02267AE02B00E6B748 /* SceneDelegate.swift */; };
		74FA5E05267AE02B00E6B748 /* ViewController.swift in Sources */ = {isa = PBXBuildFile; fileRef = 74FA5E04267AE02B00E6B748 /* ViewController.swift */; };
		74FA5E08267AE02B00E6B748 /* Main.storyboard in Resources */ = {isa = PBXBuildFile; fileRef = 74FA5E06267AE02B00E6B748 /* Main.storyboard */; };
		74FA5E0A267AE03000E6B748 /* Assets.xcassets in Resources */ = {isa = PBXBuildFile; fileRef = 74FA5E09267AE03000E6B748 /* Assets.xcassets */; };
		74FA5E0D267AE03000E6B748 /* LaunchScreen.storyboard in Resources */ = {isa = PBXBuildFile; fileRef = 74FA5E0B267AE03000E6B748 /* LaunchScreen.storyboard */; };
		9D3AF5F6267B9F18007F18BA /* PlayerViewController.swift in Sources */ = {isa = PBXBuildFile; fileRef = 9D3AF5F5267B9F18007F18BA /* PlayerViewController.swift */; };
		9D3AF5F9267BB019007F18BA /* brutal.mp3 in Resources */ = {isa = PBXBuildFile; fileRef = 9D3AF5F8267BB019007F18BA /* brutal.mp3 */; };
		9D573464267BF6D80089D972 /* stockholm.mp3 in Resources */ = {isa = PBXBuildFile; fileRef = 9D573463267BF6D80089D972 /* stockholm.mp3 */; };
		9D573466267BFD9A0089D972 /* nightchanges.mp3 in Resources */ = {isa = PBXBuildFile; fileRef = 9D573465267BFD9A0089D972 /* nightchanges.mp3 */; };
		9D573482267C4DBF0089D972 /* 8TEEN.mp3 in Resources */ = {isa = PBXBuildFile; fileRef = 9D573481267C4DBF0089D972 /* 8TEEN.mp3 */; };
		9D573484267C4EBB0089D972 /* Harry.mp3 in Resources */ = {isa = PBXBuildFile; fileRef = 9D573483267C4EBB0089D972 /* Harry.mp3 */; };
		9D573486267C4F4A0089D972 /* jojo.mp3 in Resources */ = {isa = PBXBuildFile; fileRef = 9D573485267C4F4A0089D972 /* jojo.mp3 */; };
		9D57348A267C50240089D972 /* She's So Gone.mp3 in Resources */ = {isa = PBXBuildFile; fileRef = 9D573489267C50240089D972 /* She's So Gone.mp3 */; };
		9D57348C267C50EF0089D972 /* traitor.mp3 in Resources */ = {isa = PBXBuildFile; fileRef = 9D57348B267C50EF0089D972 /* traitor.mp3 */; };
		9D57348E267C51A40089D972 /* taylor.mp3 in Resources */ = {isa = PBXBuildFile; fileRef = 9D57348D267C51A40089D972 /* taylor.mp3 */; };
		9D573490267C523C0089D972 /* justin.mp3 in Resources */ = {isa = PBXBuildFile; fileRef = 9D57348F267C523C0089D972 /* justin.mp3 */; };
/* End PBXBuildFile section */

/* Begin PBXFileReference section */
		74FA5DFD267AE02B00E6B748 /* Game.app */ = {isa = PBXFileReference; explicitFileType = wrapper.application; includeInIndex = 0; path = Game.app; sourceTree = BUILT_PRODUCTS_DIR; };
		74FA5E00267AE02B00E6B748 /* AppDelegate.swift */ = {isa = PBXFileReference; lastKnownFileType = sourcecode.swift; path = AppDelegate.swift; sourceTree = "<group>"; };
		74FA5E02267AE02B00E6B748 /* SceneDelegate.swift */ = {isa = PBXFileReference; lastKnownFileType = sourcecode.swift; path = SceneDelegate.swift; sourceTree = "<group>"; };
		74FA5E04267AE02B00E6B748 /* ViewController.swift */ = {isa = PBXFileReference; lastKnownFileType = sourcecode.swift; path = ViewController.swift; sourceTree = "<group>"; };
		74FA5E07267AE02B00E6B748 /* Base */ = {isa = PBXFileReference; lastKnownFileType = file.storyboard; name = Base; path = Base.lproj/Main.storyboard; sourceTree = "<group>"; };
		74FA5E09267AE03000E6B748 /* Assets.xcassets */ = {isa = PBXFileReference; lastKnownFileType = folder.assetcatalog; path = Assets.xcassets; sourceTree = "<group>"; };
		74FA5E0C267AE03000E6B748 /* Base */ = {isa = PBXFileReference; lastKnownFileType = file.storyboard; name = Base; path = Base.lproj/LaunchScreen.storyboard; sourceTree = "<group>"; };
		74FA5E0E267AE03000E6B748 /* Info.plist */ = {isa = PBXFileReference; lastKnownFileType = text.plist.xml; path = Info.plist; sourceTree = "<group>"; };
		9D3AF5F5267B9F18007F18BA /* PlayerViewController.swift */ = {isa = PBXFileReference; lastKnownFileType = sourcecode.swift; path = PlayerViewController.swift; sourceTree = "<group>"; };
		9D3AF5F8267BB019007F18BA /* brutal.mp3 */ = {isa = PBXFileReference; lastKnownFileType = audio.mp3; path = brutal.mp3; sourceTree = "<group>"; };
		9D573463267BF6D80089D972 /* stockholm.mp3 */ = {isa = PBXFileReference; lastKnownFileType = audio.mp3; path = stockholm.mp3; sourceTree = "<group>"; };
		9D573465267BFD9A0089D972 /* nightchanges.mp3 */ = {isa = PBXFileReference; lastKnownFileType = audio.mp3; path = nightchanges.mp3; sourceTree = "<group>"; };
		9D573481267C4DBF0089D972 /* 8TEEN.mp3 */ = {isa = PBXFileReference; lastKnownFileType = audio.mp3; path = 8TEEN.mp3; sourceTree = "<group>"; };
		9D573483267C4EBB0089D972 /* Harry.mp3 */ = {isa = PBXFileReference; lastKnownFileType = audio.mp3; path = Harry.mp3; sourceTree = "<group>"; };
		9D573485267C4F4A0089D972 /* jojo.mp3 */ = {isa = PBXFileReference; lastKnownFileType = audio.mp3; path = jojo.mp3; sourceTree = "<group>"; };
		9D573489267C50240089D972 /* She's So Gone.mp3 */ = {isa = PBXFileReference; lastKnownFileType = audio.mp3; path = "She's So Gone.mp3"; sourceTree = "<group>"; };
		9D57348B267C50EF0089D972 /* traitor.mp3 */ = {isa = PBXFileReference; lastKnownFileType = audio.mp3; path = traitor.mp3; sourceTree = "<group>"; };
		9D57348D267C51A40089D972 /* taylor.mp3 */ = {isa = PBXFileReference; lastKnownFileType = audio.mp3; path = taylor.mp3; sourceTree = "<group>"; };
		9D57348F267C523C0089D972 /* justin.mp3 */ = {isa = PBXFileReference; lastKnownFileType = audio.mp3; path = justin.mp3; sourceTree = "<group>"; };
/* End PBXFileReference section */

/* Begin PBXFrameworksBuildPhase section */
		74FA5DFA267AE02B00E6B748 /* Frameworks */ = {
			isa = PBXFrameworksBuildPhase;
			buildActionMask = 2147483647;
			files = (
			);
			runOnlyForDeploymentPostprocessing = 0;
		};
/* End PBXFrameworksBuildPhase section */

/* Begin PBXGroup section */
		74FA5DF4267AE02B00E6B748 = {
			isa = PBXGroup;
			children = (
				74FA5DFF267AE02B00E6B748 /* Game */,
				74FA5DFE267AE02B00E6B748 /* Products */,
			);
			sourceTree = "<group>";
		};
		74FA5DFE267AE02B00E6B748 /* Products */ = {
			isa = PBXGroup;
			children = (
				74FA5DFD267AE02B00E6B748 /* Game.app */,
			);
			name = Products;
			sourceTree = "<group>";
		};
		74FA5DFF267AE02B00E6B748 /* Game */ = {
			isa = PBXGroup;
			children = (
				9D3AF5F7267BB00D007F18BA /* audio */,
				74FA5E00267AE02B00E6B748 /* AppDelegate.swift */,
				74FA5E02267AE02B00E6B748 /* SceneDelegate.swift */,
				74FA5E04267AE02B00E6B748 /* ViewController.swift */,
				74FA5E06267AE02B00E6B748 /* Main.storyboard */,
				74FA5E09267AE03000E6B748 /* Assets.xcassets */,
				74FA5E0B267AE03000E6B748 /* LaunchScreen.storyboard */,
				74FA5E0E267AE03000E6B748 /* Info.plist */,
				9D3AF5F5267B9F18007F18BA /* PlayerViewController.swift */,
			);
			path = Game;
			sourceTree = "<group>";
		};
		9D3AF5F7267BB00D007F18BA /* audio */ = {
			isa = PBXGroup;
			children = (
				9D3AF5F8267BB019007F18BA /* brutal.mp3 */,
				9D573463267BF6D80089D972 /* stockholm.mp3 */,
				9D573465267BFD9A0089D972 /* nightchanges.mp3 */,
				9D573481267C4DBF0089D972 /* 8TEEN.mp3 */,
				9D573483267C4EBB0089D972 /* Harry.mp3 */,
				9D573485267C4F4A0089D972 /* jojo.mp3 */,
				9D573489267C50240089D972 /* She's So Gone.mp3 */,
				9D57348B267C50EF0089D972 /* traitor.mp3 */,
				9D57348D267C51A40089D972 /* taylor.mp3 */,
				9D57348F267C523C0089D972 /* justin.mp3 */,
			);
			path = audio;
			sourceTree = "<group>";
		};
/* End PBXGroup section */

/* Begin PBXNativeTarget section */
		74FA5DFC267AE02B00E6B748 /* Game */ = {
			isa = PBXNativeTarget;
			buildConfigurationList = 74FA5E11267AE03000E6B748 /* Build configuration list for PBXNativeTarget "Game" */;
			buildPhases = (
				74FA5DF9267AE02B00E6B748 /* Sources */,
				74FA5DFA267AE02B00E6B748 /* Frameworks */,
				74FA5DFB267AE02B00E6B748 /* Resources */,
			);
			buildRules = (
			);
			dependencies = (
			);
			name = Game;
			productName = Game;
			productReference = 74FA5DFD267AE02B00E6B748 /* Game.app */;
			productType = "com.apple.product-type.application";
		};
/* End PBXNativeTarget section */

/* Begin PBXProject section */
		74FA5DF5267AE02B00E6B748 /* Project object */ = {
			isa = PBXProject;
			attributes = {
				LastSwiftUpdateCheck = 1250;
				LastUpgradeCheck = 1250;
				TargetAttributes = {
					74FA5DFC267AE02B00E6B748 = {
						CreatedOnToolsVersion = 12.5;
					};
				};
			};
			buildConfigurationList = 74FA5DF8267AE02B00E6B748 /* Build configuration list for PBXProject "Game" */;
			compatibilityVersion = "Xcode 9.3";
			developmentRegion = en;
			hasScannedForEncodings = 0;
			knownRegions = (
				en,
				Base,
			);
			mainGroup = 74FA5DF4267AE02B00E6B748;
			productRefGroup = 74FA5DFE267AE02B00E6B748 /* Products */;
			projectDirPath = "";
			projectRoot = "";
			targets = (
				74FA5DFC267AE02B00E6B748 /* Game */,
			);
		};
/* End PBXProject section */

/* Begin PBXResourcesBuildPhase section */
		74FA5DFB267AE02B00E6B748 /* Resources */ = {
			isa = PBXResourcesBuildPhase;
			buildActionMask = 2147483647;
			files = (
				9D573486267C4F4A0089D972 /* jojo.mp3 in Resources */,
				9D57348C267C50EF0089D972 /* traitor.mp3 in Resources */,
				9D57348A267C50240089D972 /* She's So Gone.mp3 in Resources */,
				9D573484267C4EBB0089D972 /* Harry.mp3 in Resources */,
				74FA5E0D267AE03000E6B748 /* LaunchScreen.storyboard in Resources */,
				74FA5E0A267AE03000E6B748 /* Assets.xcassets in Resources */,
				9D573490267C523C0089D972 /* justin.mp3 in Resources */,
				9D57348E267C51A40089D972 /* taylor.mp3 in Resources */,
				9D3AF5F9267BB019007F18BA /* brutal.mp3 in Resources */,
				9D573466267BFD9A0089D972 /* nightchanges.mp3 in Resources */,
				9D573464267BF6D80089D972 /* stockholm.mp3 in Resources */,
				9D573482267C4DBF0089D972 /* 8TEEN.mp3 in Resources */,
				74FA5E08267AE02B00E6B748 /* Main.storyboard in Resources */,
			);
			runOnlyForDeploymentPostprocessing = 0;
		};
/* End PBXResourcesBuildPhase section */

/* Begin PBXSourcesBuildPhase section */
		74FA5DF9267AE02B00E6B748 /* Sources */ = {
			isa = PBXSourcesBuildPhase;
			buildActionMask = 2147483647;
			files = (
				74FA5E05267AE02B00E6B748 /* ViewController.swift in Sources */,
				9D3AF5F6267B9F18007F18BA /* PlayerViewController.swift in Sources */,
				74FA5E01267AE02B00E6B748 /* AppDelegate.swift in Sources */,
				74FA5E03267AE02B00E6B748 /* SceneDelegate.swift in Sources */,
			);
			runOnlyForDeploymentPostprocessing = 0;
		};
/* End PBXSourcesBuildPhase section */

/* Begin PBXVariantGroup section */
		74FA5E06267AE02B00E6B748 /* Main.storyboard */ = {
			isa = PBXVariantGroup;
			children = (
				74FA5E07267AE02B00E6B748 /* Base */,
			);
			name = Main.storyboard;
			sourceTree = "<group>";
		};
		74FA5E0B267AE03000E6B748 /* LaunchScreen.storyboard */ = {
			isa = PBXVariantGroup;
			children = (
				74FA5E0C267AE03000E6B748 /* Base */,
			);
			name = LaunchScreen.storyboard;
			sourceTree = "<group>";
		};
/* End PBXVariantGroup section */

/* Begin XCBuildConfiguration section */
		74FA5E0F267AE03000E6B748 /* Debug */ = {
			isa = XCBuildConfiguration;
			buildSettings = {
				ALWAYS_SEARCH_USER_PATHS = NO;
				CLANG_ANALYZER_NONNULL = YES;
				CLANG_ANALYZER_NUMBER_OBJECT_CONVERSION = YES_AGGRESSIVE;
				CLANG_CXX_LANGUAGE_STANDARD = "gnu++14";
				CLANG_CXX_LIBRARY = "libc++";
				CLANG_ENABLE_MODULES = YES;
				CLANG_ENABLE_OBJC_ARC = YES;
				CLANG_ENABLE_OBJC_WEAK = YES;
				CLANG_WARN_BLOCK_CAPTURE_AUTORELEASING = YES;
				CLANG_WARN_BOOL_CONVERSION = YES;
				CLANG_WARN_COMMA = YES;
				CLANG_WARN_CONSTANT_CONVERSION = YES;
				CLANG_WARN_DEPRECATED_OBJC_IMPLEMENTATIONS = YES;
				CLANG_WARN_DIRECT_OBJC_ISA_USAGE = YES_ERROR;
				CLANG_WARN_DOCUMENTATION_COMMENTS = YES;
				CLANG_WARN_EMPTY_BODY = YES;
				CLANG_WARN_ENUM_CONVERSION = YES;
				CLANG_WARN_INFINITE_RECURSION = YES;
				CLANG_WARN_INT_CONVERSION = YES;
				CLANG_WARN_NON_LITERAL_NULL_CONVERSION = YES;
				CLANG_WARN_OBJC_IMPLICIT_RETAIN_SELF = YES;
				CLANG_WARN_OBJC_LITERAL_CONVERSION = YES;
				CLANG_WARN_OBJC_ROOT_CLASS = YES_ERROR;
				CLANG_WARN_QUOTED_INCLUDE_IN_FRAMEWORK_HEADER = YES;
				CLANG_WARN_RANGE_LOOP_ANALYSIS = YES;
				CLANG_WARN_STRICT_PROTOTYPES = YES;
				CLANG_WARN_SUSPICIOUS_MOVE = YES;
				CLANG_WARN_UNGUARDED_AVAILABILITY = YES_AGGRESSIVE;
				CLANG_WARN_UNREACHABLE_CODE = YES;
				CLANG_WARN__DUPLICATE_METHOD_MATCH = YES;
				COPY_PHASE_STRIP = NO;
				DEBUG_INFORMATION_FORMAT = dwarf;
				ENABLE_STRICT_OBJC_MSGSEND = YES;
				ENABLE_TESTABILITY = YES;
				GCC_C_LANGUAGE_STANDARD = gnu11;
				GCC_DYNAMIC_NO_PIC = NO;
				GCC_NO_COMMON_BLOCKS = YES;
				GCC_OPTIMIZATION_LEVEL = 0;
				GCC_PREPROCESSOR_DEFINITIONS = (
					"DEBUG=1",
					"$(inherited)",
				);
				GCC_WARN_64_TO_32_BIT_CONVERSION = YES;
				GCC_WARN_ABOUT_RETURN_TYPE = YES_ERROR;
				GCC_WARN_UNDECLARED_SELECTOR = YES;
				GCC_WARN_UNINITIALIZED_AUTOS = YES_AGGRESSIVE;
				GCC_WARN_UNUSED_FUNCTION = YES;
				GCC_WARN_UNUSED_VARIABLE = YES;
				IPHONEOS_DEPLOYMENT_TARGET = 14.5;
				MTL_ENABLE_DEBUG_INFO = INCLUDE_SOURCE;
				MTL_FAST_MATH = YES;
				ONLY_ACTIVE_ARCH = YES;
				SDKROOT = iphoneos;
				SWIFT_ACTIVE_COMPILATION_CONDITIONS = DEBUG;
				SWIFT_OPTIMIZATION_LEVEL = "-Onone";
			};
			name = Debug;
		};
		74FA5E10267AE03000E6B748 /* Release */ = {
			isa = XCBuildConfiguration;
			buildSettings = {
				ALWAYS_SEARCH_USER_PATHS = NO;
				CLANG_ANALYZER_NONNULL = YES;
				CLANG_ANALYZER_NUMBER_OBJECT_CONVERSION = YES_AGGRESSIVE;
				CLANG_CXX_LANGUAGE_STANDARD = "gnu++14";
				CLANG_CXX_LIBRARY = "libc++";
				CLANG_ENABLE_MODULES = YES;
				CLANG_ENABLE_OBJC_ARC = YES;
				CLANG_ENABLE_OBJC_WEAK = YES;
				CLANG_WARN_BLOCK_CAPTURE_AUTORELEASING = YES;
				CLANG_WARN_BOOL_CONVERSION = YES;
				CLANG_WARN_COMMA = YES;
				CLANG_WARN_CONSTANT_CONVERSION = YES;
				CLANG_WARN_DEPRECATED_OBJC_IMPLEMENTATIONS = YES;
				CLANG_WARN_DIRECT_OBJC_ISA_USAGE = YES_ERROR;
				CLANG_WARN_DOCUMENTATION_COMMENTS = YES;
				CLANG_WARN_EMPTY_BODY = YES;
				CLANG_WARN_ENUM_CONVERSION = YES;
				CLANG_WARN_INFINITE_RECURSION = YES;
				CLANG_WARN_INT_CONVERSION = YES;
				CLANG_WARN_NON_LITERAL_NULL_CONVERSION = YES;
				CLANG_WARN_OBJC_IMPLICIT_RETAIN_SELF = YES;
				CLANG_WARN_OBJC_LITERAL_CONVERSION = YES;
				CLANG_WARN_OBJC_ROOT_CLASS = YES_ERROR;
				CLANG_WARN_QUOTED_INCLUDE_IN_FRAMEWORK_HEADER = YES;
				CLANG_WARN_RANGE_LOOP_ANALYSIS = YES;
				CLANG_WARN_STRICT_PROTOTYPES = YES;
				CLANG_WARN_SUSPICIOUS_MOVE = YES;
				CLANG_WARN_UNGUARDED_AVAILABILITY = YES_AGGRESSIVE;
				CLANG_WARN_UNREACHABLE_CODE = YES;
				CLANG_WARN__DUPLICATE_METHOD_MATCH = YES;
				COPY_PHASE_STRIP = NO;
				DEBUG_INFORMATION_FORMAT = "dwarf-with-dsym";
				ENABLE_NS_ASSERTIONS = NO;
				ENABLE_STRICT_OBJC_MSGSEND = YES;
				GCC_C_LANGUAGE_STANDARD = gnu11;
				GCC_NO_COMMON_BLOCKS = YES;
				GCC_WARN_64_TO_32_BIT_CONVERSION = YES;
				GCC_WARN_ABOUT_RETURN_TYPE = YES_ERROR;
				GCC_WARN_UNDECLARED_SELECTOR = YES;
				GCC_WARN_UNINITIALIZED_AUTOS = YES_AGGRESSIVE;
				GCC_WARN_UNUSED_FUNCTION = YES;
				GCC_WARN_UNUSED_VARIABLE = YES;
				IPHONEOS_DEPLOYMENT_TARGET = 14.5;
				MTL_ENABLE_DEBUG_INFO = NO;
				MTL_FAST_MATH = YES;
				SDKROOT = iphoneos;
				SWIFT_COMPILATION_MODE = wholemodule;
				SWIFT_OPTIMIZATION_LEVEL = "-O";
				VALIDATE_PRODUCT = YES;
			};
			name = Release;
		};
		74FA5E12267AE03000E6B748 /* Debug */ = {
			isa = XCBuildConfiguration;
			buildSettings = {
				ASSETCATALOG_COMPILER_APPICON_NAME = AppIcon;
				ASSETCATALOG_COMPILER_GLOBAL_ACCENT_COLOR_NAME = AccentColor;
				CODE_SIGN_STYLE = Automatic;
				DEVELOPMENT_TEAM = RNPGWBCD48;
				INFOPLIST_FILE = Game/Info.plist;
				LD_RUNPATH_SEARCH_PATHS = (
					"$(inherited)",
					"@executable_path/Frameworks",
				);
				PRODUCT_BUNDLE_IDENTIFIER = com.example.Game;
				PRODUCT_NAME = "$(TARGET_NAME)";
				SWIFT_VERSION = 5.0;
				TARGETED_DEVICE_FAMILY = "1,2";
			};
			name = Debug;
		};
		74FA5E13267AE03000E6B748 /* Release */ = {
			isa = XCBuildConfiguration;
			buildSettings = {
				ASSETCATALOG_COMPILER_APPICON_NAME = AppIcon;
				ASSETCATALOG_COMPILER_GLOBAL_ACCENT_COLOR_NAME = AccentColor;
				CODE_SIGN_STYLE = Automatic;
				DEVELOPMENT_TEAM = RNPGWBCD48;
				INFOPLIST_FILE = Game/Info.plist;
				LD_RUNPATH_SEARCH_PATHS = (
					"$(inherited)",
					"@executable_path/Frameworks",
				);
				PRODUCT_BUNDLE_IDENTIFIER = com.example.Game;
				PRODUCT_NAME = "$(TARGET_NAME)";
				SWIFT_VERSION = 5.0;
				TARGETED_DEVICE_FAMILY = "1,2";
			};
			name = Release;
		};
/* End XCBuildConfiguration section */

/* Begin XCConfigurationList section */
		74FA5DF8267AE02B00E6B748 /* Build configuration list for PBXProject "Game" */ = {
			isa = XCConfigurationList;
			buildConfigurations = (
				74FA5E0F267AE03000E6B748 /* Debug */,
				74FA5E10267AE03000E6B748 /* Release */,
			);
			defaultConfigurationIsVisible = 0;
			defaultConfigurationName = Release;
		};
		74FA5E11267AE03000E6B748 /* Build configuration list for PBXNativeTarget "Game" */ = {
			isa = XCConfigurationList;
			buildConfigurations = (
				74FA5E12267AE03000E6B748 /* Debug */,
				74FA5E13267AE03000E6B748 /* Release */,
			);
			defaultConfigurationIsVisible = 0;
			defaultConfigurationName = Release;
		};
/* End XCConfigurationList section */
	};
	rootObject = 74FA5DF5267AE02B00E6B748 /* Project object */;
}
